
Microsoft Visual Studio Solution File, Format Version 12.00
# Visual Studio Version 16
VisualStudioVersion = 16.0.33130.400
MinimumVisualStudioVersion = 10.0.40219.1
Project("{FAE04EC0-301F-11D3-BF4B-00C04F79EFBC}") = "RCG2-L10n", "RCG2-L10n.csproj", "{F5EC501E-10F9-4B67-865C-4E8679F7E2E7}"
EndProject
Global
	GlobalSection(SolutionConfigurationPlatforms) = preSolution
		Debug|Any CPU = Debug|Any CPU
		Release|Any CPU = Release|Any CPU
	EndGlobalSection
	GlobalSection(ProjectConfigurationPlatforms) = postSolution
		{F5EC501E-10F9-4B67-865C-4E8679F7E2E7}.Debug|Any CPU.ActiveCfg = Debug|Any CPU
		{F5EC501E-10F9-4B67-865C-4E8679F7E2E7}.Debug|Any CPU.Build.0 = Debug|Any CPU
		{F5EC501E-10F9-4B67-865C-4E8679F7E2E7}.Release|Any CPU.ActiveCfg = Release|Any CPU
		{F5EC501E-10F9-4B67-865C-4E8679F7E2E7}.Release|Any CPU.Build.0 = Release|Any CPU
	EndGlobalSection
	GlobalSection(SolutionProperties) = preSolution
		HideSolutionNode = FALSE
	EndGlobalSection
	GlobalSection(ExtensibilityGlobals) = postSolution
		SolutionGuid = {9A439C67-B616-4F14-B6DE-0AC665142443}
	EndGlobalSection
EndGlobal
